
Microsoft Visual Studio Solution File, Format Version 12.00
# Visual Studio Version 16
VisualStudioVersion = 16.0.31112.23
MinimumVisualStudioVersion = 10.0.40219.1
Project("{FAE04EC0-301F-11D3-BF4B-00C04F79EFBC}") = "Catalog", "Catalog.csproj", "{3B412723-3416-49CD-8C81-47519319852E}"
EndProject
Project("{FAE04EC0-301F-11D3-BF4B-00C04F79EFBC}") = "CatalogData", "..\CatalogData\CatalogData.csproj", "{F251DDD6-C58C-44D3-9963-FCB513DCEF50}"
EndProject
Project("{FAE04EC0-301F-11D3-BF4B-00C04F79EFBC}") = "CatalogBussines", "..\CatalogBussines\CatalogBussines.csproj", "{2D5FBA76-F7D6-4B48-B9A2-228542AE99FB}"
EndProject
Global
	GlobalSection(SolutionConfigurationPlatforms) = preSolution
		Debug|Any CPU = Debug|Any CPU
		Release|Any CPU = Release|Any CPU
	EndGlobalSection
	GlobalSection(ProjectConfigurationPlatforms) = postSolution
		{3B412723-3416-49CD-8C81-47519319852E}.Debug|Any CPU.ActiveCfg = Debug|Any CPU
		{3B412723-3416-49CD-8C81-47519319852E}.Debug|Any CPU.Build.0 = Debug|Any CPU
		{3B412723-3416-49CD-8C81-47519319852E}.Release|Any CPU.ActiveCfg = Release|Any CPU
		{3B412723-3416-49CD-8C81-47519319852E}.Release|Any CPU.Build.0 = Release|Any CPU
		{F251DDD6-C58C-44D3-9963-FCB513DCEF50}.Debug|Any CPU.ActiveCfg = Debug|Any CPU
		{F251DDD6-C58C-44D3-9963-FCB513DCEF50}.Debug|Any CPU.Build.0 = Debug|Any CPU
		{F251DDD6-C58C-44D3-9963-FCB513DCEF50}.Release|Any CPU.ActiveCfg = Release|Any CPU
		{F251DDD6-C58C-44D3-9963-FCB513DCEF50}.Release|Any CPU.Build.0 = Release|Any CPU
		{2D5FBA76-F7D6-4B48-B9A2-228542AE99FB}.Debug|Any CPU.ActiveCfg = Debug|Any CPU
		{2D5FBA76-F7D6-4B48-B9A2-228542AE99FB}.Debug|Any CPU.Build.0 = Debug|Any CPU
		{2D5FBA76-F7D6-4B48-B9A2-228542AE99FB}.Release|Any CPU.ActiveCfg = Release|Any CPU
		{2D5FBA76-F7D6-4B48-B9A2-228542AE99FB}.Release|Any CPU.Build.0 = Release|Any CPU
	EndGlobalSection
	GlobalSection(SolutionProperties) = preSolution
		HideSolutionNode = FALSE
	EndGlobalSection
	GlobalSection(ExtensibilityGlobals) = postSolution
		SolutionGuid = {76241384-E4EA-496E-B6A2-3EFC9E615781}
	EndGlobalSection
EndGlobal
